
Microsoft Visual Studio Solution File, Format Version 12.00
# Visual Studio 14
VisualStudioVersion = 14.0.25420.1
MinimumVisualStudioVersion = 10.0.40219.1
Project("{FAE04EC0-301F-11D3-BF4B-00C04F79EFBC}") = "ConsoleApp1", "ConsoleApp1\ConsoleApp1.csproj", "{B21F4746-EFD9-4CF0-B99C-56C050E38C61}"
EndProject
Project("{FAE04EC0-301F-11D3-BF4B-00C04F79EFBC}") = "LibraryA", "LibraryA\LibraryA.csproj", "{B30EA09F-B9FB-48FA-9AF6-92270C0C4F09}"
EndProject
Project("{FAE04EC0-301F-11D3-BF4B-00C04F79EFBC}") = "LibraryB", "LibraryB\LibraryB.csproj", "{AFFFF32B-F98B-49CA-9CE7-6D1F2CD39AA1}"
EndProject
Project("{FAE04EC0-301F-11D3-BF4B-00C04F79EFBC}") = "LibraryJoin", "LibraryJoin\LibraryJoin.csproj", "{1216D6A9-C991-43AC-AEE5-80C65D2CA79F}"
EndProject
Global
	GlobalSection(SolutionConfigurationPlatforms) = preSolution
		Debug|Any CPU = Debug|Any CPU
		Release|Any CPU = Release|Any CPU
	EndGlobalSection
	GlobalSection(ProjectConfigurationPlatforms) = postSolution
		{B21F4746-EFD9-4CF0-B99C-56C050E38C61}.Debug|Any CPU.ActiveCfg = Debug|Any CPU
		{B21F4746-EFD9-4CF0-B99C-56C050E38C61}.Debug|Any CPU.Build.0 = Debug|Any CPU
		{B21F4746-EFD9-4CF0-B99C-56C050E38C61}.Release|Any CPU.ActiveCfg = Release|Any CPU
		{B21F4746-EFD9-4CF0-B99C-56C050E38C61}.Release|Any CPU.Build.0 = Release|Any CPU
		{B30EA09F-B9FB-48FA-9AF6-92270C0C4F09}.Debug|Any CPU.ActiveCfg = Debug|Any CPU
		{B30EA09F-B9FB-48FA-9AF6-92270C0C4F09}.Debug|Any CPU.Build.0 = Debug|Any CPU
		{B30EA09F-B9FB-48FA-9AF6-92270C0C4F09}.Release|Any CPU.ActiveCfg = Release|Any CPU
		{B30EA09F-B9FB-48FA-9AF6-92270C0C4F09}.Release|Any CPU.Build.0 = Release|Any CPU
		{AFFFF32B-F98B-49CA-9CE7-6D1F2CD39AA1}.Debug|Any CPU.ActiveCfg = Debug|Any CPU
		{AFFFF32B-F98B-49CA-9CE7-6D1F2CD39AA1}.Debug|Any CPU.Build.0 = Debug|Any CPU
		{AFFFF32B-F98B-49CA-9CE7-6D1F2CD39AA1}.Release|Any CPU.ActiveCfg = Release|Any CPU
		{AFFFF32B-F98B-49CA-9CE7-6D1F2CD39AA1}.Release|Any CPU.Build.0 = Release|Any CPU
		{1216D6A9-C991-43AC-AEE5-80C65D2CA79F}.Debug|Any CPU.ActiveCfg = Debug|Any CPU
		{1216D6A9-C991-43AC-AEE5-80C65D2CA79F}.Debug|Any CPU.Build.0 = Debug|Any CPU
		{1216D6A9-C991-43AC-AEE5-80C65D2CA79F}.Release|Any CPU.ActiveCfg = Release|Any CPU
		{1216D6A9-C991-43AC-AEE5-80C65D2CA79F}.Release|Any CPU.Build.0 = Release|Any CPU
	EndGlobalSection
	GlobalSection(SolutionProperties) = preSolution
		HideSolutionNode = FALSE
	EndGlobalSection
EndGlobal
